// !$*UTF8*$!
{
	archiveVersion = 1;
	classes = {
	};
	objectVersion = 46;
	objects = {

/* Begin PBXBuildFile section */
		C332839320B8118F00E6B12F /* delete.png in Resources */ = {isa = PBXBuildFile; fileRef = C332839220B8118F00E6B12F /* delete.png */; };
		C3A3786C207CF88B00C84242 /* TableViewCell.swift in Sources */ = {isa = PBXBuildFile; fileRef = C3A3786B207CF88B00C84242 /* TableViewCell.swift */; };
		C3A894722085D173006EC2C3 /* done.png in Resources */ = {isa = PBXBuildFile; fileRef = C3A894712085D173006EC2C3 /* done.png */; };
		C3A894742085EDC9006EC2C3 /* notdone.png in Resources */ = {isa = PBXBuildFile; fileRef = C3A894732085EDC9006EC2C3 /* notdone.png */; };
		C3CA1DE320750CE4007D2E17 /* AppDelegate.swift in Sources */ = {isa = PBXBuildFile; fileRef = C3CA1DE220750CE4007D2E17 /* AppDelegate.swift */; };
		C3CA1DE520750CE4007D2E17 /* ViewController.swift in Sources */ = {isa = PBXBuildFile; fileRef = C3CA1DE420750CE4007D2E17 /* ViewController.swift */; };
		C3CA1DE820750CE5007D2E17 /* Main.storyboard in Resources */ = {isa = PBXBuildFile; fileRef = C3CA1DE620750CE5007D2E17 /* Main.storyboard */; };
		C3CA1DEA20750CE5007D2E17 /* Assets.xcassets in Resources */ = {isa = PBXBuildFile; fileRef = C3CA1DE920750CE5007D2E17 /* Assets.xcassets */; };
		C3CA1DED20750CE5007D2E17 /* LaunchScreen.storyboard in Resources */ = {isa = PBXBuildFile; fileRef = C3CA1DEB20750CE5007D2E17 /* LaunchScreen.storyboard */; };
		C3CA1DF820750CE5007D2E17 /* TODO_SWIFTTests.swift in Sources */ = {isa = PBXBuildFile; fileRef = C3CA1DF720750CE5007D2E17 /* TODO_SWIFTTests.swift */; };
/* End PBXBuildFile section */

/* Begin PBXContainerItemProxy section */
		C3CA1DF420750CE5007D2E17 /* PBXContainerItemProxy */ = {
			isa = PBXContainerItemProxy;
			containerPortal = C3CA1DD720750CE4007D2E17 /* Project object */;
			proxyType = 1;
			remoteGlobalIDString = C3CA1DDE20750CE4007D2E17;
			remoteInfo = TODO_SWIFT;
		};
/* End PBXContainerItemProxy section */

/* Begin PBXFileReference section */
		C332839220B8118F00E6B12F /* delete.png */ = {isa = PBXFileReference; lastKnownFileType = image.png; path = delete.png; sourceTree = "<group>"; };
		C3A3786B207CF88B00C84242 /* TableViewCell.swift */ = {isa = PBXFileReference; lastKnownFileType = sourcecode.swift; path = TableViewCell.swift; sourceTree = "<group>"; };
		C3A894712085D173006EC2C3 /* done.png */ = {isa = PBXFileReference; lastKnownFileType = image.png; path = done.png; sourceTree = "<group>"; };
		C3A894732085EDC9006EC2C3 /* notdone.png */ = {isa = PBXFileReference; lastKnownFileType = image.png; path = notdone.png; sourceTree = "<group>"; };
		C3CA1DDF20750CE4007D2E17 /* TODO_SWIFT.app */ = {isa = PBXFileReference; explicitFileType = wrapper.application; includeInIndex = 0; path = TODO_SWIFT.app; sourceTree = BUILT_PRODUCTS_DIR; };
		C3CA1DE220750CE4007D2E17 /* AppDelegate.swift */ = {isa = PBXFileReference; lastKnownFileType = sourcecode.swift; path = AppDelegate.swift; sourceTree = "<group>"; };
		C3CA1DE420750CE4007D2E17 /* ViewController.swift */ = {isa = PBXFileReference; lastKnownFileType = sourcecode.swift; path = ViewController.swift; sourceTree = "<group>"; };
		C3CA1DE720750CE5007D2E17 /* Base */ = {isa = PBXFileReference; lastKnownFileType = file.storyboard; name = Base; path = Base.lproj/Main.storyboard; sourceTree = "<group>"; };
		C3CA1DE920750CE5007D2E17 /* Assets.xcassets */ = {isa = PBXFileReference; lastKnownFileType = folder.assetcatalog; path = Assets.xcassets; sourceTree = "<group>"; };
		C3CA1DEC20750CE5007D2E17 /* Base */ = {isa = PBXFileReference; lastKnownFileType = file.storyboard; name = Base; path = Base.lproj/LaunchScreen.storyboard; sourceTree = "<group>"; };
		C3CA1DEE20750CE5007D2E17 /* Info.plist */ = {isa = PBXFileReference; lastKnownFileType = text.plist.xml; path = Info.plist; sourceTree = "<group>"; };
		C3CA1DF320750CE5007D2E17 /* TODO_SWIFTTests.xctest */ = {isa = PBXFileReference; explicitFileType = wrapper.cfbundle; includeInIndex = 0; path = TODO_SWIFTTests.xctest; sourceTree = BUILT_PRODUCTS_DIR; };
		C3CA1DF720750CE5007D2E17 /* TODO_SWIFTTests.swift */ = {isa = PBXFileReference; lastKnownFileType = sourcecode.swift; path = TODO_SWIFTTests.swift; sourceTree = "<group>"; };
		C3CA1DF920750CE5007D2E17 /* Info.plist */ = {isa = PBXFileReference; lastKnownFileType = text.plist.xml; path = Info.plist; sourceTree = "<group>"; };
/* End PBXFileReference section */

/* Begin PBXFrameworksBuildPhase section */
		C3CA1DDC20750CE4007D2E17 /* Frameworks */ = {
			isa = PBXFrameworksBuildPhase;
			buildActionMask = 2147483647;
			files = (
			);
			runOnlyForDeploymentPostprocessing = 0;
		};
		C3CA1DF020750CE5007D2E17 /* Frameworks */ = {
			isa = PBXFrameworksBuildPhase;
			buildActionMask = 2147483647;
			files = (
			);
			runOnlyForDeploymentPostprocessing = 0;
		};
/* End PBXFrameworksBuildPhase section */

/* Begin PBXGroup section */
		C3CA1DD620750CE4007D2E17 = {
			isa = PBXGroup;
			children = (
				C3CA1DE120750CE4007D2E17 /* TODO_SWIFT */,
				C3CA1DF620750CE5007D2E17 /* TODO_SWIFTTests */,
				C3CA1DE020750CE4007D2E17 /* Products */,
			);
			sourceTree = "<group>";
		};
		C3CA1DE020750CE4007D2E17 /* Products */ = {
			isa = PBXGroup;
			children = (
				C3CA1DDF20750CE4007D2E17 /* TODO_SWIFT.app */,
				C3CA1DF320750CE5007D2E17 /* TODO_SWIFTTests.xctest */,
			);
			name = Products;
			sourceTree = "<group>";
		};
		C3CA1DE120750CE4007D2E17 /* TODO_SWIFT */ = {
			isa = PBXGroup;
			children = (
				C332839220B8118F00E6B12F /* delete.png */,
				C3A894732085EDC9006EC2C3 /* notdone.png */,
				C3A894712085D173006EC2C3 /* done.png */,
				C3CA1DE220750CE4007D2E17 /* AppDelegate.swift */,
				C3CA1DE420750CE4007D2E17 /* ViewController.swift */,
				C3A3786B207CF88B00C84242 /* TableViewCell.swift */,
				C3CA1DE620750CE5007D2E17 /* Main.storyboard */,
				C3CA1DE920750CE5007D2E17 /* Assets.xcassets */,
				C3CA1DEB20750CE5007D2E17 /* LaunchScreen.storyboard */,
				C3CA1DEE20750CE5007D2E17 /* Info.plist */,
			);
			path = TODO_SWIFT;
			sourceTree = "<group>";
		};
		C3CA1DF620750CE5007D2E17 /* TODO_SWIFTTests */ = {
			isa = PBXGroup;
			children = (
				C3CA1DF720750CE5007D2E17 /* TODO_SWIFTTests.swift */,
				C3CA1DF920750CE5007D2E17 /* Info.plist */,
			);
			path = TODO_SWIFTTests;
			sourceTree = "<group>";
		};
/* End PBXGroup section */

/* Begin PBXNativeTarget section */
		C3CA1DDE20750CE4007D2E17 /* TODO_SWIFT */ = {
			isa = PBXNativeTarget;
			buildConfigurationList = C3CA1DFC20750CE5007D2E17 /* Build configuration list for PBXNativeTarget "TODO_SWIFT" */;
			buildPhases = (
				C3CA1DDB20750CE4007D2E17 /* Sources */,
				C3CA1DDC20750CE4007D2E17 /* Frameworks */,
				C3CA1DDD20750CE4007D2E17 /* Resources */,
			);
			buildRules = (
			);
			dependencies = (
			);
			name = TODO_SWIFT;
			productName = TODO_SWIFT;
			productReference = C3CA1DDF20750CE4007D2E17 /* TODO_SWIFT.app */;
			productType = "com.apple.product-type.application";
		};
		C3CA1DF220750CE5007D2E17 /* TODO_SWIFTTests */ = {
			isa = PBXNativeTarget;
			buildConfigurationList = C3CA1DFF20750CE5007D2E17 /* Build configuration list for PBXNativeTarget "TODO_SWIFTTests" */;
			buildPhases = (
				C3CA1DEF20750CE5007D2E17 /* Sources */,
				C3CA1DF020750CE5007D2E17 /* Frameworks */,
				C3CA1DF120750CE5007D2E17 /* Resources */,
			);
			buildRules = (
			);
			dependencies = (
				C3CA1DF520750CE5007D2E17 /* PBXTargetDependency */,
			);
			name = TODO_SWIFTTests;
			productName = TODO_SWIFTTests;
			productReference = C3CA1DF320750CE5007D2E17 /* TODO_SWIFTTests.xctest */;
			productType = "com.apple.product-type.bundle.unit-test";
		};
/* End PBXNativeTarget section */

/* Begin PBXProject section */
		C3CA1DD720750CE4007D2E17 /* Project object */ = {
			isa = PBXProject;
			attributes = {
				LastSwiftUpdateCheck = 0920;
				LastUpgradeCheck = 0940;
				ORGANIZATIONNAME = Cast;
				TargetAttributes = {
					C3CA1DDE20750CE4007D2E17 = {
						CreatedOnToolsVersion = 9.2;
						ProvisioningStyle = Automatic;
					};
					C3CA1DF220750CE5007D2E17 = {
						CreatedOnToolsVersion = 9.2;
						ProvisioningStyle = Automatic;
						TestTargetID = C3CA1DDE20750CE4007D2E17;
					};
				};
			};
			buildConfigurationList = C3CA1DDA20750CE4007D2E17 /* Build configuration list for PBXProject "TODO_SWIFT" */;
			compatibilityVersion = "Xcode 3.2";
			developmentRegion = en;
			hasScannedForEncodings = 0;
			knownRegions = (
				en,
				Base,
			);
			mainGroup = C3CA1DD620750CE4007D2E17;
			productRefGroup = C3CA1DE020750CE4007D2E17 /* Products */;
			projectDirPath = "";
			projectRoot = "";
			targets = (
				C3CA1DDE20750CE4007D2E17 /* TODO_SWIFT */,
				C3CA1DF220750CE5007D2E17 /* TODO_SWIFTTests */,
			);
		};
/* End PBXProject section */

/* Begin PBXResourcesBuildPhase section */
		C3CA1DDD20750CE4007D2E17 /* Resources */ = {
			isa = PBXResourcesBuildPhase;
			buildActionMask = 2147483647;
			files = (
				C332839320B8118F00E6B12F /* delete.png in Resources */,
				C3CA1DED20750CE5007D2E17 /* LaunchScreen.storyboard in Resources */,
				C3A894742085EDC9006EC2C3 /* notdone.png in Resources */,
				C3A894722085D173006EC2C3 /* done.png in Resources */,
				C3CA1DEA20750CE5007D2E17 /* Assets.xcassets in Resources */,
				C3CA1DE820750CE5007D2E17 /* Main.storyboard in Resources */,
			);
			runOnlyForDeploymentPostprocessing = 0;
		};
		C3CA1DF120750CE5007D2E17 /* Resources */ = {
			isa = PBXResourcesBuildPhase;
			buildActionMask = 2147483647;
			files = (
			);
			runOnlyForDeploymentPostprocessing = 0;
		};
/* End PBXResourcesBuildPhase section */

/* Begin PBXSourcesBuildPhase section */
		C3CA1DDB20750CE4007D2E17 /* Sources */ = {
			isa = PBXSourcesBuildPhase;
			buildActionMask = 2147483647;
			files = (
				C3A3786C207CF88B00C84242 /* TableViewCell.swift in Sources */,
				C3CA1DE520750CE4007D2E17 /* ViewController.swift in Sources */,
				C3CA1DE320750CE4007D2E17 /* AppDelegate.swift in Sources */,
			);
			runOnlyForDeploymentPostprocessing = 0;
		};
		C3CA1DEF20750CE5007D2E17 /* Sources */ = {
			isa = PBXSourcesBuildPhase;
			buildActionMask = 2147483647;
			files = (
				C3CA1DF820750CE5007D2E17 /* TODO_SWIFTTests.swift in Sources */,
			);
			runOnlyForDeploymentPostprocessing = 0;
		};
/* End PBXSourcesBuildPhase section */

/* Begin PBXTargetDependency section */
		C3CA1DF520750CE5007D2E17 /* PBXTargetDependency */ = {
			isa = PBXTargetDependency;
			target = C3CA1DDE20750CE4007D2E17 /* TODO_SWIFT */;
			targetProxy = C3CA1DF420750CE5007D2E17 /* PBXContainerItemProxy */;
		};
/* End PBXTargetDependency section */

/* Begin PBXVariantGroup section */
		C3CA1DE620750CE5007D2E17 /* Main.storyboard */ = {
			isa = PBXVariantGroup;
			children = (
				C3CA1DE720750CE5007D2E17 /* Base */,
			);
			name = Main.storyboard;
			sourceTree = "<group>";
		};
		C3CA1DEB20750CE5007D2E17 /* LaunchScreen.storyboard */ = {
			isa = PBXVariantGroup;
			children = (
				C3CA1DEC20750CE5007D2E17 /* Base */,
			);
			name = LaunchScreen.storyboard;
			sourceTree = "<group>";
		};
/* End PBXVariantGroup section */

/* Begin XCBuildConfiguration section */
		C3CA1DFA20750CE5007D2E17 /* Debug */ = {
			isa = XCBuildConfiguration;
			buildSettings = {
				ALWAYS_SEARCH_USER_PATHS = NO;
				CLANG_ANALYZER_NONNULL = YES;
				CLANG_ANALYZER_NUMBER_OBJECT_CONVERSION = YES_AGGRESSIVE;
				CLANG_CXX_LANGUAGE_STANDARD = "gnu++14";
				CLANG_CXX_LIBRARY = "libc++";
				CLANG_ENABLE_MODULES = YES;
				CLANG_ENABLE_OBJC_ARC = YES;
				CLANG_WARN_BLOCK_CAPTURE_AUTORELEASING = YES;
				CLANG_WARN_BOOL_CONVERSION = YES;
				CLANG_WARN_COMMA = YES;
				CLANG_WARN_CONSTANT_CONVERSION = YES;
				CLANG_WARN_DEPRECATED_OBJC_IMPLEMENTATIONS = YES;
				CLANG_WARN_DIRECT_OBJC_ISA_USAGE = YES_ERROR;
				CLANG_WARN_DOCUMENTATION_COMMENTS = YES;
				CLANG_WARN_EMPTY_BODY = YES;
				CLANG_WARN_ENUM_CONVERSION = YES;
				CLANG_WARN_INFINITE_RECURSION = YES;
				CLANG_WARN_INT_CONVERSION = YES;
				CLANG_WARN_NON_LITERAL_NULL_CONVERSION = YES;
				CLANG_WARN_OBJC_IMPLICIT_RETAIN_SELF = YES;
				CLANG_WARN_OBJC_LITERAL_CONVERSION = YES;
				CLANG_WARN_OBJC_ROOT_CLASS = YES_ERROR;
				CLANG_WARN_RANGE_LOOP_ANALYSIS = YES;
				CLANG_WARN_STRICT_PROTOTYPES = YES;
				CLANG_WARN_SUSPICIOUS_MOVE = YES;
				CLANG_WARN_UNGUARDED_AVAILABILITY = YES_AGGRESSIVE;
				CLANG_WARN_UNREACHABLE_CODE = YES;
				CLANG_WARN__DUPLICATE_METHOD_MATCH = YES;
				CODE_SIGN_IDENTITY = "iPhone Developer";
				COPY_PHASE_STRIP = NO;
				DEBUG_INFORMATION_FORMAT = dwarf;
				ENABLE_STRICT_OBJC_MSGSEND = YES;
				ENABLE_TESTABILITY = YES;
				GCC_C_LANGUAGE_STANDARD = gnu11;
				GCC_DYNAMIC_NO_PIC = NO;
				GCC_NO_COMMON_BLOCKS = YES;
				GCC_OPTIMIZATION_LEVEL = 0;
				GCC_PREPROCESSOR_DEFINITIONS = (
					"DEBUG=1",
					"$(inherited)",
				);
				GCC_WARN_64_TO_32_BIT_CONVERSION = YES;
				GCC_WARN_ABOUT_RETURN_TYPE = YES_ERROR;
				GCC_WARN_UNDECLARED_SELECTOR = YES;
				GCC_WARN_UNINITIALIZED_AUTOS = YES_AGGRESSIVE;
				GCC_WARN_UNUSED_FUNCTION = YES;
				GCC_WARN_UNUSED_VARIABLE = YES;
				IPHONEOS_DEPLOYMENT_TARGET = 11.2;
				MTL_ENABLE_DEBUG_INFO = YES;
				ONLY_ACTIVE_ARCH = YES;
				SDKROOT = iphoneos;
				SWIFT_ACTIVE_COMPILATION_CONDITIONS = DEBUG;
				SWIFT_OPTIMIZATION_LEVEL = "-Onone";
			};
			name = Debug;
		};
		C3CA1DFB20750CE5007D2E17 /* Release */ = {
			isa = XCBuildConfiguration;
			buildSettings = {
				ALWAYS_SEARCH_USER_PATHS = NO;
				CLANG_ANALYZER_NONNULL = YES;
				CLANG_ANALYZER_NUMBER_OBJECT_CONVERSION = YES_AGGRESSIVE;
				CLANG_CXX_LANGUAGE_STANDARD = "gnu++14";
				CLANG_CXX_LIBRARY = "libc++";
				CLANG_ENABLE_MODULES = YES;
				CLANG_ENABLE_OBJC_ARC = YES;
				CLANG_WARN_BLOCK_CAPTURE_AUTORELEASING = YES;
				CLANG_WARN_BOOL_CONVERSION = YES;
				CLANG_WARN_COMMA = YES;
				CLANG_WARN_CONSTANT_CONVERSION = YES;
				CLANG_WARN_DEPRECATED_OBJC_IMPLEMENTATIONS = YES;
				CLANG_WARN_DIRECT_OBJC_ISA_USAGE = YES_ERROR;
				CLANG_WARN_DOCUMENTATION_COMMENTS = YES;
				CLANG_WARN_EMPTY_BODY = YES;
				CLANG_WARN_ENUM_CONVERSION = YES;
				CLANG_WARN_INFINITE_RECURSION = YES;
				CLANG_WARN_INT_CONVERSION = YES;
				CLANG_WARN_NON_LITERAL_NULL_CONVERSION = YES;
				CLANG_WARN_OBJC_IMPLICIT_RETAIN_SELF = YES;
				CLANG_WARN_OBJC_LITERAL_CONVERSION = YES;
				CLANG_WARN_OBJC_ROOT_CLASS = YES_ERROR;
				CLANG_WARN_RANGE_LOOP_ANALYSIS = YES;
				CLANG_WARN_STRICT_PROTOTYPES = YES;
				CLANG_WARN_SUSPICIOUS_MOVE = YES;
				CLANG_WARN_UNGUARDED_AVAILABILITY = YES_AGGRESSIVE;
				CLANG_WARN_UNREACHABLE_CODE = YES;
				CLANG_WARN__DUPLICATE_METHOD_MATCH = YES;
				CODE_SIGN_IDENTITY = "iPhone Developer";
				COPY_PHASE_STRIP = NO;
				DEBUG_INFORMATION_FORMAT = "dwarf-with-dsym";
				ENABLE_NS_ASSERTIONS = NO;
				ENABLE_STRICT_OBJC_MSGSEND = YES;
				GCC_C_LANGUAGE_STANDARD = gnu11;
				GCC_NO_COMMON_BLOCKS = YES;
				GCC_WARN_64_TO_32_BIT_CONVERSION = YES;
				GCC_WARN_ABOUT_RETURN_TYPE = YES_ERROR;
				GCC_WARN_UNDECLARED_SELECTOR = YES;
				GCC_WARN_UNINITIALIZED_AUTOS = YES_AGGRESSIVE;
				GCC_WARN_UNUSED_FUNCTION = YES;
				GCC_WARN_UNUSED_VARIABLE = YES;
				IPHONEOS_DEPLOYMENT_TARGET = 11.2;
				MTL_ENABLE_DEBUG_INFO = NO;
				SDKROOT = iphoneos;
				SWIFT_OPTIMIZATION_LEVEL = "-Owholemodule";
				VALIDATE_PRODUCT = YES;
			};
			name = Release;
		};
		C3CA1DFD20750CE5007D2E17 /* Debug */ = {
			isa = XCBuildConfiguration;
			buildSettings = {
				ASSETCATALOG_COMPILER_APPICON_NAME = AppIcon;
				CODE_SIGN_STYLE = Automatic;
				INFOPLIST_FILE = TODO_SWIFT/Info.plist;
				LD_RUNPATH_SEARCH_PATHS = "$(inherited) @executable_path/Frameworks";
				PRODUCT_BUNDLE_IDENTIFIER = "com.castsoftware.TODO-SWIFT";
				PRODUCT_NAME = "$(TARGET_NAME)";
				SWIFT_VERSION = 4.0;
				TARGETED_DEVICE_FAMILY = "1,2";
			};
			name = Debug;
		};
		C3CA1DFE20750CE5007D2E17 /* Release */ = {
			isa = XCBuildConfiguration;
			buildSettings = {
				ASSETCATALOG_COMPILER_APPICON_NAME = AppIcon;
				CODE_SIGN_STYLE = Automatic;
				INFOPLIST_FILE = TODO_SWIFT/Info.plist;
				LD_RUNPATH_SEARCH_PATHS = "$(inherited) @executable_path/Frameworks";
				PRODUCT_BUNDLE_IDENTIFIER = "com.castsoftware.TODO-SWIFT";
				PRODUCT_NAME = "$(TARGET_NAME)";
				SWIFT_VERSION = 4.0;
				TARGETED_DEVICE_FAMILY = "1,2";
			};
			name = Release;
		};
		C3CA1E0020750CE5007D2E17 /* Debug */ = {
			isa = XCBuildConfiguration;
			buildSettings = {
				ALWAYS_EMBED_SWIFT_STANDARD_LIBRARIES = YES;
				BUNDLE_LOADER = "$(TEST_HOST)";
				CODE_SIGN_STYLE = Automatic;
				INFOPLIST_FILE = TODO_SWIFTTests/Info.plist;
				LD_RUNPATH_SEARCH_PATHS = "$(inherited) @executable_path/Frameworks @loader_path/Frameworks";
				PRODUCT_BUNDLE_IDENTIFIER = "com.castsoftware.TODO-SWIFTTests";
				PRODUCT_NAME = "$(TARGET_NAME)";
				SWIFT_VERSION = 4.0;
				TARGETED_DEVICE_FAMILY = "1,2";
				TEST_HOST = "$(BUILT_PRODUCTS_DIR)/TODO_SWIFT.app/TODO_SWIFT";
			};
			name = Debug;
		};
		C3CA1E0120750CE5007D2E17 /* Release */ = {
			isa = XCBuildConfiguration;
			buildSettings = {
				ALWAYS_EMBED_SWIFT_STANDARD_LIBRARIES = YES;
				BUNDLE_LOADER = "$(TEST_HOST)";
				CODE_SIGN_STYLE = Automatic;
				INFOPLIST_FILE = TODO_SWIFTTests/Info.plist;
				LD_RUNPATH_SEARCH_PATHS = "$(inherited) @executable_path/Frameworks @loader_path/Frameworks";
				PRODUCT_BUNDLE_IDENTIFIER = "com.castsoftware.TODO-SWIFTTests";
				PRODUCT_NAME = "$(TARGET_NAME)";
				SWIFT_VERSION = 4.0;
				TARGETED_DEVICE_FAMILY = "1,2";
				TEST_HOST = "$(BUILT_PRODUCTS_DIR)/TODO_SWIFT.app/TODO_SWIFT";
			};
			name = Release;
		};
/* End XCBuildConfiguration section */

/* Begin XCConfigurationList section */
		C3CA1DDA20750CE4007D2E17 /* Build configuration list for PBXProject "TODO_SWIFT" */ = {
			isa = XCConfigurationList;
			buildConfigurations = (
				C3CA1DFA20750CE5007D2E17 /* Debug */,
				C3CA1DFB20750CE5007D2E17 /* Release */,
			);
			defaultConfigurationIsVisible = 0;
			defaultConfigurationName = Release;
		};
		C3CA1DFC20750CE5007D2E17 /* Build configuration list for PBXNativeTarget "TODO_SWIFT" */ = {
			isa = XCConfigurationList;
			buildConfigurations = (
				C3CA1DFD20750CE5007D2E17 /* Debug */,
				C3CA1DFE20750CE5007D2E17 /* Release */,
			);
			defaultConfigurationIsVisible = 0;
			defaultConfigurationName = Release;
		};
		C3CA1DFF20750CE5007D2E17 /* Build configuration list for PBXNativeTarget "TODO_SWIFTTests" */ = {
			isa = XCConfigurationList;
			buildConfigurations = (
				C3CA1E0020750CE5007D2E17 /* Debug */,
				C3CA1E0120750CE5007D2E17 /* Release */,
			);
			defaultConfigurationIsVisible = 0;
			defaultConfigurationName = Release;
		};
/* End XCConfigurationList section */
	};
	rootObject = C3CA1DD720750CE4007D2E17 /* Project object */;
}
